{
  "name": "test",
  "lockfileVersion": 2,
  "requires": true,
  "packages": {
    "": {
      "name": "test",
      "workspaces": [
        "./modules/*"
      ],
      "engines": {
        "node": "15.6.0",
        "npm": "7.4.0"
      }
    },
    "modules/test": {},
    "node_modules/@custom/test": {
      "resolved": "modules/test",
      "link": true
    }
  },
  "dependencies": {
    "@custom/test": {
      "version": "file:modules/test"
    }
  }
}
